// !$*UTF8*$!
{
	archiveVersion = 1;
	classes = {
	};
	objectVersion = 56;
	objects = {

/* Begin PBXBuildFile section */
		311B16E22B8C943100DEB724 /* HomePage in Frameworks */ = {isa = PBXBuildFile; productRef = 311B16E12B8C943100DEB724 /* HomePage */; };
		311B16E52B8CCA9400DEB724 /* AppDelegate.swift in Sources */ = {isa = PBXBuildFile; fileRef = 311B16E42B8CCA9400DEB724 /* AppDelegate.swift */; };
		311B16E72B8CCB1600DEB724 /* DependencyInjection in Frameworks */ = {isa = PBXBuildFile; productRef = 311B16E62B8CCB1600DEB724 /* DependencyInjection */; };
		312706022B6D41A800E4B6DD /* SwiftUICleanArchitectureLearningApp.swift in Sources */ = {isa = PBXBuildFile; fileRef = 312706012B6D41A800E4B6DD /* SwiftUICleanArchitectureLearningApp.swift */; };
		312706062B6D41AA00E4B6DD /* Assets.xcassets in Resources */ = {isa = PBXBuildFile; fileRef = 312706052B6D41AA00E4B6DD /* Assets.xcassets */; };
		312706092B6D41AA00E4B6DD /* Preview Assets.xcassets in Resources */ = {isa = PBXBuildFile; fileRef = 312706082B6D41AA00E4B6DD /* Preview Assets.xcassets */; };
		315F6E642B8CE48600CAC41D /* RunningContext in Frameworks */ = {isa = PBXBuildFile; productRef = 315F6E632B8CE48600CAC41D /* RunningContext */; };
		3176707B2B6E4F79004367B5 /* Data in Frameworks */ = {isa = PBXBuildFile; productRef = 3176707A2B6E4F79004367B5 /* Data */; };
		319886C32B88ADAF00B5340A /* Fact in Frameworks */ = {isa = PBXBuildFile; productRef = 319886C22B88ADAF00B5340A /* Fact */; };
/* End PBXBuildFile section */

/* Begin PBXCopyFilesBuildPhase section */
		317670A92B6E90A7004367B5 /* Embed Frameworks */ = {
			isa = PBXCopyFilesBuildPhase;
			buildActionMask = 2147483647;
			dstPath = "";
			dstSubfolderSpec = 10;
			files = (
			);
			name = "Embed Frameworks";
			runOnlyForDeploymentPostprocessing = 0;
		};
/* End PBXCopyFilesBuildPhase section */

/* Begin PBXFileReference section */
		311B16E02B8C918600DEB724 /* HomePage */ = {isa = PBXFileReference; lastKnownFileType = wrapper; path = HomePage; sourceTree = "<group>"; };
		311B16E32B8CC5B700DEB724 /* DependencyInjection */ = {isa = PBXFileReference; lastKnownFileType = wrapper; path = DependencyInjection; sourceTree = "<group>"; };
		311B16E42B8CCA9400DEB724 /* AppDelegate.swift */ = {isa = PBXFileReference; lastKnownFileType = sourcecode.swift; path = AppDelegate.swift; sourceTree = "<group>"; };
		312705FE2B6D41A800E4B6DD /* SwiftUICleanArchitectureLearning.app */ = {isa = PBXFileReference; explicitFileType = wrapper.application; includeInIndex = 0; path = SwiftUICleanArchitectureLearning.app; sourceTree = BUILT_PRODUCTS_DIR; };
		312706012B6D41A800E4B6DD /* SwiftUICleanArchitectureLearningApp.swift */ = {isa = PBXFileReference; lastKnownFileType = sourcecode.swift; path = SwiftUICleanArchitectureLearningApp.swift; sourceTree = "<group>"; };
		312706052B6D41AA00E4B6DD /* Assets.xcassets */ = {isa = PBXFileReference; lastKnownFileType = folder.assetcatalog; path = Assets.xcassets; sourceTree = "<group>"; };
		312706082B6D41AA00E4B6DD /* Preview Assets.xcassets */ = {isa = PBXFileReference; lastKnownFileType = folder.assetcatalog; path = "Preview Assets.xcassets"; sourceTree = "<group>"; };
		315F6E622B8CE40700CAC41D /* RunningContext */ = {isa = PBXFileReference; lastKnownFileType = wrapper; path = RunningContext; sourceTree = "<group>"; };
		317670BB2B6E9D42004367B5 /* Data */ = {isa = PBXFileReference; lastKnownFileType = wrapper; path = Data; sourceTree = "<group>"; };
		319886C12B88A91A00B5340A /* Fact */ = {isa = PBXFileReference; lastKnownFileType = wrapper; path = Fact; sourceTree = "<group>"; };
/* End PBXFileReference section */

/* Begin PBXFrameworksBuildPhase section */
		312705FB2B6D41A800E4B6DD /* Frameworks */ = {
			isa = PBXFrameworksBuildPhase;
			buildActionMask = 2147483647;
			files = (
				319886C32B88ADAF00B5340A /* Fact in Frameworks */,
				311B16E72B8CCB1600DEB724 /* DependencyInjection in Frameworks */,
				3176707B2B6E4F79004367B5 /* Data in Frameworks */,
				311B16E22B8C943100DEB724 /* HomePage in Frameworks */,
				315F6E642B8CE48600CAC41D /* RunningContext in Frameworks */,
			);
			runOnlyForDeploymentPostprocessing = 0;
		};
/* End PBXFrameworksBuildPhase section */

/* Begin PBXGroup section */
		312705F52B6D41A800E4B6DD = {
			isa = PBXGroup;
			children = (
				312706002B6D41A800E4B6DD /* SwiftUICleanArchitectureLearning */,
				312705FF2B6D41A800E4B6DD /* Products */,
				319886B92B889D7400B5340A /* Frameworks */,
			);
			sourceTree = "<group>";
		};
		312705FF2B6D41A800E4B6DD /* Products */ = {
			isa = PBXGroup;
			children = (
				312705FE2B6D41A800E4B6DD /* SwiftUICleanArchitectureLearning.app */,
			);
			name = Products;
			sourceTree = "<group>";
		};
		312706002B6D41A800E4B6DD /* SwiftUICleanArchitectureLearning */ = {
			isa = PBXGroup;
			children = (
				317670882B6E8F5C004367B5 /* App */,
				317670BB2B6E9D42004367B5 /* Data */,
				317670892B6E8F9B004367B5 /* Core */,
				317670862B6E8F33004367B5 /* Feature */,
				317670852B6E8F24004367B5 /* Domain */,
				312706052B6D41AA00E4B6DD /* Assets.xcassets */,
				312706072B6D41AA00E4B6DD /* Preview Content */,
			);
			path = SwiftUICleanArchitectureLearning;
			sourceTree = "<group>";
		};
		312706072B6D41AA00E4B6DD /* Preview Content */ = {
			isa = PBXGroup;
			children = (
				312706082B6D41AA00E4B6DD /* Preview Assets.xcassets */,
			);
			path = "Preview Content";
			sourceTree = "<group>";
		};
		317670852B6E8F24004367B5 /* Domain */ = {
			isa = PBXGroup;
			children = (
				319886C12B88A91A00B5340A /* Fact */,
			);
			path = Domain;
			sourceTree = "<group>";
		};
		317670862B6E8F33004367B5 /* Feature */ = {
			isa = PBXGroup;
			children = (
				311B16E02B8C918600DEB724 /* HomePage */,
			);
			path = Feature;
			sourceTree = "<group>";
		};
		317670882B6E8F5C004367B5 /* App */ = {
			isa = PBXGroup;
			children = (
				312706012B6D41A800E4B6DD /* SwiftUICleanArchitectureLearningApp.swift */,
				311B16E42B8CCA9400DEB724 /* AppDelegate.swift */,
			);
			path = App;
			sourceTree = "<group>";
		};
		317670892B6E8F9B004367B5 /* Core */ = {
			isa = PBXGroup;
			children = (
				315F6E622B8CE40700CAC41D /* RunningContext */,
				311B16E32B8CC5B700DEB724 /* DependencyInjection */,
			);
			path = Core;
			sourceTree = "<group>";
		};
		319886B92B889D7400B5340A /* Frameworks */ = {
			isa = PBXGroup;
			children = (
			);
			name = Frameworks;
			sourceTree = "<group>";
		};
/* End PBXGroup section */

/* Begin PBXNativeTarget section */
		312705FD2B6D41A800E4B6DD /* SwiftUICleanArchitectureLearning */ = {
			isa = PBXNativeTarget;
			buildConfigurationList = 3127060C2B6D41AA00E4B6DD /* Build configuration list for PBXNativeTarget "SwiftUICleanArchitectureLearning" */;
			buildPhases = (
				312705FA2B6D41A800E4B6DD /* Sources */,
				312705FB2B6D41A800E4B6DD /* Frameworks */,
				312705FC2B6D41A800E4B6DD /* Resources */,
				317670A92B6E90A7004367B5 /* Embed Frameworks */,
			);
			buildRules = (
			);
			dependencies = (
			);
			name = SwiftUICleanArchitectureLearning;
			packageProductDependencies = (
				3176707A2B6E4F79004367B5 /* Data */,
				319886C22B88ADAF00B5340A /* Fact */,
				311B16E12B8C943100DEB724 /* HomePage */,
				311B16E62B8CCB1600DEB724 /* DependencyInjection */,
				315F6E632B8CE48600CAC41D /* RunningContext */,
			);
			productName = SwiftUICleanArchitectureLearning;
			productReference = 312705FE2B6D41A800E4B6DD /* SwiftUICleanArchitectureLearning.app */;
			productType = "com.apple.product-type.application";
		};
/* End PBXNativeTarget section */

/* Begin PBXProject section */
		312705F62B6D41A800E4B6DD /* Project object */ = {
			isa = PBXProject;
			attributes = {
				BuildIndependentTargetsInParallel = 1;
				LastSwiftUpdateCheck = 1510;
				LastUpgradeCheck = 1510;
				TargetAttributes = {
					312705FD2B6D41A800E4B6DD = {
						CreatedOnToolsVersion = 15.1;
					};
				};
			};
			buildConfigurationList = 312705F92B6D41A800E4B6DD /* Build configuration list for PBXProject "SwiftUICleanArchitectureLearning" */;
			compatibilityVersion = "Xcode 14.0";
			developmentRegion = en;
			hasScannedForEncodings = 0;
			knownRegions = (
				en,
				Base,
			);
			mainGroup = 312705F52B6D41A800E4B6DD;
			packageReferences = (
			);
			productRefGroup = 312705FF2B6D41A800E4B6DD /* Products */;
			projectDirPath = "";
			projectRoot = "";
			targets = (
				312705FD2B6D41A800E4B6DD /* SwiftUICleanArchitectureLearning */,
			);
		};
/* End PBXProject section */

/* Begin PBXResourcesBuildPhase section */
		312705FC2B6D41A800E4B6DD /* Resources */ = {
			isa = PBXResourcesBuildPhase;
			buildActionMask = 2147483647;
			files = (
				312706092B6D41AA00E4B6DD /* Preview Assets.xcassets in Resources */,
				312706062B6D41AA00E4B6DD /* Assets.xcassets in Resources */,
			);
			runOnlyForDeploymentPostprocessing = 0;
		};
/* End PBXResourcesBuildPhase section */

/* Begin PBXSourcesBuildPhase section */
		312705FA2B6D41A800E4B6DD /* Sources */ = {
			isa = PBXSourcesBuildPhase;
			buildActionMask = 2147483647;
			files = (
				311B16E52B8CCA9400DEB724 /* AppDelegate.swift in Sources */,
				312706022B6D41A800E4B6DD /* SwiftUICleanArchitectureLearningApp.swift in Sources */,
			);
			runOnlyForDeploymentPostprocessing = 0;
		};
/* End PBXSourcesBuildPhase section */

/* Begin XCBuildConfiguration section */
		3127060A2B6D41AA00E4B6DD /* Debug */ = {
			isa = XCBuildConfiguration;
			buildSettings = {
				ALWAYS_SEARCH_USER_PATHS = NO;
				ASSETCATALOG_COMPILER_GENERATE_SWIFT_ASSET_SYMBOL_EXTENSIONS = YES;
				CLANG_ANALYZER_NONNULL = YES;
				CLANG_ANALYZER_NUMBER_OBJECT_CONVERSION = YES_AGGRESSIVE;
				CLANG_CXX_LANGUAGE_STANDARD = "gnu++20";
				CLANG_ENABLE_MODULES = YES;
				CLANG_ENABLE_OBJC_ARC = YES;
				CLANG_ENABLE_OBJC_WEAK = YES;
				CLANG_WARN_BLOCK_CAPTURE_AUTORELEASING = YES;
				CLANG_WARN_BOOL_CONVERSION = YES;
				CLANG_WARN_COMMA = YES;
				CLANG_WARN_CONSTANT_CONVERSION = YES;
				CLANG_WARN_DEPRECATED_OBJC_IMPLEMENTATIONS = YES;
				CLANG_WARN_DIRECT_OBJC_ISA_USAGE = YES_ERROR;
				CLANG_WARN_DOCUMENTATION_COMMENTS = YES;
				CLANG_WARN_EMPTY_BODY = YES;
				CLANG_WARN_ENUM_CONVERSION = YES;
				CLANG_WARN_INFINITE_RECURSION = YES;
				CLANG_WARN_INT_CONVERSION = YES;
				CLANG_WARN_NON_LITERAL_NULL_CONVERSION = YES;
				CLANG_WARN_OBJC_IMPLICIT_RETAIN_SELF = YES;
				CLANG_WARN_OBJC_LITERAL_CONVERSION = YES;
				CLANG_WARN_OBJC_ROOT_CLASS = YES_ERROR;
				CLANG_WARN_QUOTED_INCLUDE_IN_FRAMEWORK_HEADER = YES;
				CLANG_WARN_RANGE_LOOP_ANALYSIS = YES;
				CLANG_WARN_STRICT_PROTOTYPES = YES;
				CLANG_WARN_SUSPICIOUS_MOVE = YES;
				CLANG_WARN_UNGUARDED_AVAILABILITY = YES_AGGRESSIVE;
				CLANG_WARN_UNREACHABLE_CODE = YES;
				CLANG_WARN__DUPLICATE_METHOD_MATCH = YES;
				COPY_PHASE_STRIP = NO;
				DEBUG_INFORMATION_FORMAT = dwarf;
				ENABLE_STRICT_OBJC_MSGSEND = YES;
				ENABLE_TESTABILITY = YES;
				ENABLE_USER_SCRIPT_SANDBOXING = YES;
				GCC_C_LANGUAGE_STANDARD = gnu17;
				GCC_DYNAMIC_NO_PIC = NO;
				GCC_NO_COMMON_BLOCKS = YES;
				GCC_OPTIMIZATION_LEVEL = 0;
				GCC_PREPROCESSOR_DEFINITIONS = (
					"DEBUG=1",
					"$(inherited)",
				);
				GCC_WARN_64_TO_32_BIT_CONVERSION = YES;
				GCC_WARN_ABOUT_RETURN_TYPE = YES_ERROR;
				GCC_WARN_UNDECLARED_SELECTOR = YES;
				GCC_WARN_UNINITIALIZED_AUTOS = YES_AGGRESSIVE;
				GCC_WARN_UNUSED_FUNCTION = YES;
				GCC_WARN_UNUSED_VARIABLE = YES;
				IPHONEOS_DEPLOYMENT_TARGET = 17.2;
				LOCALIZATION_PREFERS_STRING_CATALOGS = YES;
				MTL_ENABLE_DEBUG_INFO = INCLUDE_SOURCE;
				MTL_FAST_MATH = YES;
				ONLY_ACTIVE_ARCH = YES;
				SDKROOT = iphoneos;
				SWIFT_ACTIVE_COMPILATION_CONDITIONS = "DEBUG $(inherited)";
				SWIFT_OPTIMIZATION_LEVEL = "-Onone";
			};
			name = Debug;
		};
		3127060B2B6D41AA00E4B6DD /* Release */ = {
			isa = XCBuildConfiguration;
			buildSettings = {
				ALWAYS_SEARCH_USER_PATHS = NO;
				ASSETCATALOG_COMPILER_GENERATE_SWIFT_ASSET_SYMBOL_EXTENSIONS = YES;
				CLANG_ANALYZER_NONNULL = YES;
				CLANG_ANALYZER_NUMBER_OBJECT_CONVERSION = YES_AGGRESSIVE;
				CLANG_CXX_LANGUAGE_STANDARD = "gnu++20";
				CLANG_ENABLE_MODULES = YES;
				CLANG_ENABLE_OBJC_ARC = YES;
				CLANG_ENABLE_OBJC_WEAK = YES;
				CLANG_WARN_BLOCK_CAPTURE_AUTORELEASING = YES;
				CLANG_WARN_BOOL_CONVERSION = YES;
				CLANG_WARN_COMMA = YES;
				CLANG_WARN_CONSTANT_CONVERSION = YES;
				CLANG_WARN_DEPRECATED_OBJC_IMPLEMENTATIONS = YES;
				CLANG_WARN_DIRECT_OBJC_ISA_USAGE = YES_ERROR;
				CLANG_WARN_DOCUMENTATION_COMMENTS = YES;
				CLANG_WARN_EMPTY_BODY = YES;
				CLANG_WARN_ENUM_CONVERSION = YES;
				CLANG_WARN_INFINITE_RECURSION = YES;
				CLANG_WARN_INT_CONVERSION = YES;
				CLANG_WARN_NON_LITERAL_NULL_CONVERSION = YES;
				CLANG_WARN_OBJC_IMPLICIT_RETAIN_SELF = YES;
				CLANG_WARN_OBJC_LITERAL_CONVERSION = YES;
				CLANG_WARN_OBJC_ROOT_CLASS = YES_ERROR;
				CLANG_WARN_QUOTED_INCLUDE_IN_FRAMEWORK_HEADER = YES;
				CLANG_WARN_RANGE_LOOP_ANALYSIS = YES;
				CLANG_WARN_STRICT_PROTOTYPES = YES;
				CLANG_WARN_SUSPICIOUS_MOVE = YES;
				CLANG_WARN_UNGUARDED_AVAILABILITY = YES_AGGRESSIVE;
				CLANG_WARN_UNREACHABLE_CODE = YES;
				CLANG_WARN__DUPLICATE_METHOD_MATCH = YES;
				COPY_PHASE_STRIP = NO;
				DEBUG_INFORMATION_FORMAT = "dwarf-with-dsym";
				ENABLE_NS_ASSERTIONS = NO;
				ENABLE_STRICT_OBJC_MSGSEND = YES;
				ENABLE_USER_SCRIPT_SANDBOXING = YES;
				GCC_C_LANGUAGE_STANDARD = gnu17;
				GCC_NO_COMMON_BLOCKS = YES;
				GCC_WARN_64_TO_32_BIT_CONVERSION = YES;
				GCC_WARN_ABOUT_RETURN_TYPE = YES_ERROR;
				GCC_WARN_UNDECLARED_SELECTOR = YES;
				GCC_WARN_UNINITIALIZED_AUTOS = YES_AGGRESSIVE;
				GCC_WARN_UNUSED_FUNCTION = YES;
				GCC_WARN_UNUSED_VARIABLE = YES;
				IPHONEOS_DEPLOYMENT_TARGET = 17.2;
				LOCALIZATION_PREFERS_STRING_CATALOGS = YES;
				MTL_ENABLE_DEBUG_INFO = NO;
				MTL_FAST_MATH = YES;
				SDKROOT = iphoneos;
				SWIFT_COMPILATION_MODE = wholemodule;
				VALIDATE_PRODUCT = YES;
			};
			name = Release;
		};
		3127060D2B6D41AA00E4B6DD /* Debug */ = {
			isa = XCBuildConfiguration;
			buildSettings = {
				ASSETCATALOG_COMPILER_APPICON_NAME = AppIcon;
				ASSETCATALOG_COMPILER_GLOBAL_ACCENT_COLOR_NAME = AccentColor;
				CODE_SIGN_STYLE = Automatic;
				CURRENT_PROJECT_VERSION = 1;
				DEVELOPMENT_ASSET_PATHS = "\"SwiftUICleanArchitectureLearning/Preview Content\"";
				DEVELOPMENT_TEAM = 7HN6ZJHB2G;
				ENABLE_PREVIEWS = YES;
				GENERATE_INFOPLIST_FILE = YES;
				INFOPLIST_KEY_UIApplicationSceneManifest_Generation = YES;
				INFOPLIST_KEY_UIApplicationSupportsIndirectInputEvents = YES;
				INFOPLIST_KEY_UILaunchScreen_Generation = YES;
				INFOPLIST_KEY_UISupportedInterfaceOrientations_iPad = "UIInterfaceOrientationPortrait UIInterfaceOrientationPortraitUpsideDown UIInterfaceOrientationLandscapeLeft UIInterfaceOrientationLandscapeRight";
				INFOPLIST_KEY_UISupportedInterfaceOrientations_iPhone = "UIInterfaceOrientationPortrait UIInterfaceOrientationLandscapeLeft UIInterfaceOrientationLandscapeRight";
				LD_RUNPATH_SEARCH_PATHS = (
					"$(inherited)",
					"@executable_path/Frameworks",
				);
				MARKETING_VERSION = 1.0;
				PRODUCT_BUNDLE_IDENTIFIER = fr.mathieuchelim.SwiftUICleanArchitectureLearning;
				PRODUCT_NAME = "$(TARGET_NAME)";
				SWIFT_EMIT_LOC_STRINGS = YES;
				SWIFT_VERSION = 5.0;
				TARGETED_DEVICE_FAMILY = "1,2";
			};
			name = Debug;
		};
		3127060E2B6D41AA00E4B6DD /* Release */ = {
			isa = XCBuildConfiguration;
			buildSettings = {
				ASSETCATALOG_COMPILER_APPICON_NAME = AppIcon;
				ASSETCATALOG_COMPILER_GLOBAL_ACCENT_COLOR_NAME = AccentColor;
				CODE_SIGN_STYLE = Automatic;
				CURRENT_PROJECT_VERSION = 1;
				DEVELOPMENT_ASSET_PATHS = "\"SwiftUICleanArchitectureLearning/Preview Content\"";
				DEVELOPMENT_TEAM = 7HN6ZJHB2G;
				ENABLE_PREVIEWS = YES;
				GENERATE_INFOPLIST_FILE = YES;
				INFOPLIST_KEY_UIApplicationSceneManifest_Generation = YES;
				INFOPLIST_KEY_UIApplicationSupportsIndirectInputEvents = YES;
				INFOPLIST_KEY_UILaunchScreen_Generation = YES;
				INFOPLIST_KEY_UISupportedInterfaceOrientations_iPad = "UIInterfaceOrientationPortrait UIInterfaceOrientationPortraitUpsideDown UIInterfaceOrientationLandscapeLeft UIInterfaceOrientationLandscapeRight";
				INFOPLIST_KEY_UISupportedInterfaceOrientations_iPhone = "UIInterfaceOrientationPortrait UIInterfaceOrientationLandscapeLeft UIInterfaceOrientationLandscapeRight";
				LD_RUNPATH_SEARCH_PATHS = (
					"$(inherited)",
					"@executable_path/Frameworks",
				);
				MARKETING_VERSION = 1.0;
				PRODUCT_BUNDLE_IDENTIFIER = fr.mathieuchelim.SwiftUICleanArchitectureLearning;
				PRODUCT_NAME = "$(TARGET_NAME)";
				SWIFT_EMIT_LOC_STRINGS = YES;
				SWIFT_VERSION = 5.0;
				TARGETED_DEVICE_FAMILY = "1,2";
			};
			name = Release;
		};
/* End XCBuildConfiguration section */

/* Begin XCConfigurationList section */
		312705F92B6D41A800E4B6DD /* Build configuration list for PBXProject "SwiftUICleanArchitectureLearning" */ = {
			isa = XCConfigurationList;
			buildConfigurations = (
				3127060A2B6D41AA00E4B6DD /* Debug */,
				3127060B2B6D41AA00E4B6DD /* Release */,
			);
			defaultConfigurationIsVisible = 0;
			defaultConfigurationName = Release;
		};
		3127060C2B6D41AA00E4B6DD /* Build configuration list for PBXNativeTarget "SwiftUICleanArchitectureLearning" */ = {
			isa = XCConfigurationList;
			buildConfigurations = (
				3127060D2B6D41AA00E4B6DD /* Debug */,
				3127060E2B6D41AA00E4B6DD /* Release */,
			);
			defaultConfigurationIsVisible = 0;
			defaultConfigurationName = Release;
		};
/* End XCConfigurationList section */

/* Begin XCSwiftPackageProductDependency section */
		311B16E12B8C943100DEB724 /* HomePage */ = {
			isa = XCSwiftPackageProductDependency;
			productName = HomePage;
		};
		311B16E62B8CCB1600DEB724 /* DependencyInjection */ = {
			isa = XCSwiftPackageProductDependency;
			productName = DependencyInjection;
		};
		315F6E632B8CE48600CAC41D /* RunningContext */ = {
			isa = XCSwiftPackageProductDependency;
			productName = RunningContext;
		};
		3176707A2B6E4F79004367B5 /* Data */ = {
			isa = XCSwiftPackageProductDependency;
			productName = Data;
		};
		319886C22B88ADAF00B5340A /* Fact */ = {
			isa = XCSwiftPackageProductDependency;
			productName = Fact;
		};
/* End XCSwiftPackageProductDependency section */
	};
	rootObject = 312705F62B6D41A800E4B6DD /* Project object */;
}
